<?xml version="1.0" encoding="utf-8"?>
<Project ToolsVersion="4.0" xmlns="http://schemas.microsoft.com/developer/msbuild/2003">
  <ItemGroup>
    <Filter Include="Source Files">
      <UniqueIdentifier>{4FC737F1-C7A5-4376-A066-2A32D752A2FF}</UniqueIdentifier>
      <Extensions>cpp;c;cc;cxx;def;odl;idl;hpj;bat;asm;asmx</Extensions>
    </Filter>
    <Filter Include="Header Files">
      <UniqueIdentifier>{93995380-89BD-4b04-88EB-625FBE52EBFB}</UniqueIdentifier>
      <Extensions>h;hpp;hxx;hm;inl;inc;xsd</Extensions>
    </Filter>
    <Filter Include="Resource Files">
      <UniqueIdentifier>{67DA6AB6-F800-4c08-8B7A-83BB121AAD01}</UniqueIdentifier>
      <Extensions>rc;ico;cur;bmp;dlg;rc2;rct;bin;rgs;gif;jpg;jpeg;jpe;resx;tiff;tif;png;wav</Extensions>
    </Filter>
    <Filter Include="Generated Files">
      <UniqueIdentifier>{f6bd0810-64ce-4840-9a29-d80d06414fcf}</UniqueIdentifier>
      <SourceControlFiles>False</SourceControlFiles>
    </Filter>
    <Filter Include="Support Files">
      <UniqueIdentifier>{0756c4a0-cd93-4f7e-a376-dc55c520a2d0}</UniqueIdentifier>
    </Filter>
  </ItemGroup>
  <ItemGroup>
    <ClCompile Include="dlldatax.c">
      <Filter>Source Files</Filter>
    </ClCompile>
    <ClCompile Include="DLLX.cpp">
      <Filter>Source Files</Filter>
    </ClCompile>
    <ClCompile Include="DNSSDEventManager.cpp">
      <Filter>Source Files</Filter>
    </ClCompile>
    <ClCompile Include="DNSSDRecord.cpp">
      <Filter>Source Files</Filter>
    </ClCompile>
    <ClCompile Include="DNSSDService.cpp">
      <Filter>Source Files</Filter>
    </ClCompile>
    <ClCompile Include="TXTRecord.cpp">
      <Filter>Source Files</Filter>
    </ClCompile>
    <ClCompile Include="DLLX_i.c">
      <Filter>Generated Files</Filter>
    </ClCompile>
    <ClCompile Include="..\..\mDNSShared\DebugServices.c">
      <Filter>Support Files</Filter>
    </ClCompile>
    <ClCompile Include="StringServices.cpp">
      <Filter>Support Files</Filter>
    </ClCompile>
  </ItemGroup>
  <ItemGroup>
    <None Include="DLLX.def">
      <Filter>Source Files</Filter>
    </None>
    <None Include="DLLX.rgs">
      <Filter>Resource Files</Filter>
    </None>
    <None Include="DNSSDEventManager.rgs">
      <Filter>Resource Files</Filter>
    </None>
    <None Include="DNSSDRecord.rgs">
      <Filter>Resource Files</Filter>
    </None>
    <None Include="DNSSDService.rgs">
      <Filter>Resource Files</Filter>
    </None>
    <None Include="TXTRecord.rgs">
      <Filter>Resource Files</Filter>
    </None>
  </ItemGroup>
  <ItemGroup>
    <Midl Include="DLLX.idl">
      <Filter>Source Files</Filter>
    </Midl>
  </ItemGroup>
  <ItemGroup>
    <ClInclude Include="_IDNSSDEvents_CP.H">
      <Filter>Header Files</Filter>
    </ClInclude>
    <ClInclude Include="dlldatax.h">
      <Filter>Header Files</Filter>
    </ClInclude>
    <ClInclude Include="DNSSDEventManager.h">
      <Filter>Header Files</Filter>
    </ClInclude>
    <ClInclude Include="DNSSDRecord.h">
      <Filter>Header Files</Filter>
    </ClInclude>
    <ClInclude Include="DNSSDService.h">
      <Filter>Header Files</Filter>
    </ClInclude>
    <ClInclude Include="Resource.h">
      <Filter>Header Files</Filter>
    </ClInclude>
    <ClInclude Include="stdafx.h">
      <Filter>Header Files</Filter>
    </ClInclude>
    <ClInclude Include="TXTRecord.h">
      <Filter>Header Files</Filter>
    </ClInclude>
    <ClInclude Include="DLLX.h">
      <Filter>Generated Files</Filter>
    </ClInclude>
    <ClInclude Include="..\..\mDNSShared\CommonServices.h">
      <Filter>Support Files</Filter>
    </ClInclude>
    <ClInclude Include="..\..\mDNSShared\DebugServices.h">
      <Filter>Support Files</Filter>
    </ClInclude>
    <ClInclude Include="StringServices.h">
      <Filter>Support Files</Filter>
    </ClInclude>
  </ItemGroup>
  <ItemGroup>
    <ResourceCompile Include="DLLX.rc">
      <Filter>Resource Files</Filter>
    </ResourceCompile>
  </ItemGroup>
</Project>