<?xml version="1.0" encoding="utf-8"?>
<Project ToolsVersion="4.0" xmlns="http://schemas.microsoft.com/developer/msbuild/2003">
  <ItemGroup>
    <Filter Include="Source Files">
      <UniqueIdentifier>{89e57cc2-d6b1-4e68-ad57-71223df12d28}</UniqueIdentifier>
      <Extensions>cpp;c;cxx;rc;def;r;odl;idl;hpj;bat</Extensions>
    </Filter>
    <Filter Include="Header Files">
      <UniqueIdentifier>{4d103fe8-9737-47c7-9190-6f7b5666ecf5}</UniqueIdentifier>
      <Extensions>h;hpp;hxx;hm;inl</Extensions>
    </Filter>
    <Filter Include="IDL">
      <UniqueIdentifier>{4dae44a8-3da8-43c0-a749-2d1e0610c66f}</UniqueIdentifier>
      <Extensions>idl</Extensions>
    </Filter>
    <Filter Include="Resource Files">
      <UniqueIdentifier>{ac7dbdd1-2fe3-416d-9cab-2d663c05f252}</UniqueIdentifier>
      <Extensions>ico;cur;bmp;dlg;rc2;rct;bin;rgs;gif;jpg;jpeg;jpe</Extensions>
    </Filter>
  </ItemGroup>
  <ItemGroup>
    <ClCompile Include="CDNSSDService.cpp">
      <Filter>Source Files</Filter>
    </ClCompile>
    <ClCompile Include="CDNSSDServiceModule.cpp">
      <Filter>Source Files</Filter>
    </ClCompile>
  </ItemGroup>
  <ItemGroup>
    <ClInclude Include="CDNSSDService.h">
      <Filter>Header Files</Filter>
    </ClInclude>
    <ClInclude Include="IDNSSDService.h">
      <Filter>Header Files</Filter>
    </ClInclude>
  </ItemGroup>
  <ItemGroup>
    <ResourceCompile Include="FirefoxExtension.rc">
      <Filter>Resource Files</Filter>
    </ResourceCompile>
  </ItemGroup>
  <ItemGroup>
    <CustomBuildStep Include="IDNSSDService.idl">
      <Filter>IDL</Filter>
    </CustomBuildStep>
  </ItemGroup>
</Project>