<?xml version="1.0" encoding="utf-8"?>
<Project ToolsVersion="4.0" xmlns="http://schemas.microsoft.com/developer/msbuild/2003">
  <ItemGroup>
    <Filter Include="Source Files">
      <UniqueIdentifier>{4FC737F1-C7A5-4376-A066-2A32D752A2FF}</UniqueIdentifier>
      <Extensions>cpp;c;cxx;def;odl;idl;hpj;bat;asm;asmx</Extensions>
    </Filter>
    <Filter Include="Header Files">
      <UniqueIdentifier>{93995380-89BD-4b04-88EB-625FBE52EBFB}</UniqueIdentifier>
      <Extensions>h;hpp;hxx;hm;inl;inc;xsd</Extensions>
    </Filter>
    <Filter Include="Resource Files">
      <UniqueIdentifier>{67DA6AB6-F800-4c08-8B7A-83BB121AAD01}</UniqueIdentifier>
      <Extensions>rc;ico;cur;bmp;dlg;rc2;rct;bin;rgs;gif;jpg;jpeg;jpe;resx</Extensions>
    </Filter>
  </ItemGroup>
  <ItemGroup>
    <ClCompile Include="..\..\mDNSShared\DebugServices.c">
      <Filter>Source Files</Filter>
    </ClCompile>
    <ClCompile Include="..\..\mDNSCore\DNSCommon.c">
      <Filter>Source Files</Filter>
    </ClCompile>
    <ClCompile Include="..\..\mDNSCore\DNSDigest.c">
      <Filter>Source Files</Filter>
    </ClCompile>
    <ClCompile Include="..\..\mDNSShared\dnssd_ipc.c">
      <Filter>Source Files</Filter>
    </ClCompile>
    <ClCompile Include="Firewall.cpp">
      <Filter>Source Files</Filter>
    </ClCompile>
    <ClCompile Include="..\..\mDNSShared\GenLinkedList.c">
      <Filter>Source Files</Filter>
    </ClCompile>
    <ClCompile Include="..\..\mDNSMacOSX\LegacyNATTraversal.c">
      <Filter>Source Files</Filter>
    </ClCompile>
    <ClCompile Include="main.c">
      <Filter>Source Files</Filter>
    </ClCompile>
    <ClCompile Include="..\..\mDNSCore\mDNS.c">
      <Filter>Source Files</Filter>
    </ClCompile>
    <ClCompile Include="..\..\mDNSShared\mDNSDebug.c">
      <Filter>Source Files</Filter>
    </ClCompile>
    <ClCompile Include="..\mDNSWin32.c">
      <Filter>Source Files</Filter>
    </ClCompile>
    <ClCompile Include="..\Poll.c">
      <Filter>Source Files</Filter>
    </ClCompile>
    <ClCompile Include="..\Secret.c">
      <Filter>Source Files</Filter>
    </ClCompile>
    <ClCompile Include="Service.c">
      <Filter>Source Files</Filter>
    </ClCompile>
    <ClCompile Include="..\..\mDNSCore\uDNS.c">
      <Filter>Source Files</Filter>
    </ClCompile>
    <ClCompile Include="..\..\mDNSShared\uds_daemon.c">
      <Filter>Source Files</Filter>
    </ClCompile>
    <ClCompile Include="..\..\mDNSCore\anonymous.c">
      <Filter>Source Files</Filter>
    </ClCompile>
    <ClCompile Include="..\..\mDNSCore\CryptoAlg.c">
      <Filter>Source Files</Filter>
    </ClCompile>
  </ItemGroup>
  <ItemGroup>
    <ClInclude Include="..\..\mDNSShared\CommonServices.h">
      <Filter>Header Files</Filter>
    </ClInclude>
    <ClInclude Include="..\..\mDNSShared\DebugServices.h">
      <Filter>Header Files</Filter>
    </ClInclude>
    <ClInclude Include="..\..\mDNSCore\DNSCommon.h">
      <Filter>Header Files</Filter>
    </ClInclude>
    <ClInclude Include="..\..\mDNSShared\dnssd_ipc.h">
      <Filter>Header Files</Filter>
    </ClInclude>
    <ClInclude Include="..\..\mDNSShared\GenLinkedList.h">
      <Filter>Header Files</Filter>
    </ClInclude>
    <ClInclude Include="..\..\mDNSCore\mDNSDebug.h">
      <Filter>Header Files</Filter>
    </ClInclude>
    <ClInclude Include="..\..\mDNSCore\mDNSEmbeddedAPI.h">
      <Filter>Header Files</Filter>
    </ClInclude>
    <ClInclude Include="..\mDNSWin32.h">
      <Filter>Header Files</Filter>
    </ClInclude>
    <ClInclude Include="..\Poll.h">
      <Filter>Header Files</Filter>
    </ClInclude>
    <ClInclude Include="Resource.h">
      <Filter>Header Files</Filter>
    </ClInclude>
    <ClInclude Include="..\Secret.h">
      <Filter>Header Files</Filter>
    </ClInclude>
    <ClInclude Include="Service.h">
      <Filter>Header Files</Filter>
    </ClInclude>
    <ClInclude Include="..\..\mDNSCore\uDNS.h">
      <Filter>Header Files</Filter>
    </ClInclude>
    <ClInclude Include="..\..\mDNSShared\uds_daemon.h">
      <Filter>Header Files</Filter>
    </ClInclude>
    <ClInclude Include="..\..\mDNSCore\anonymous.h">
      <Filter>Header Files</Filter>
    </ClInclude>
    <ClInclude Include="..\..\mDNSCore\CryptoAlg.h">
      <Filter>Header Files</Filter>
    </ClInclude>
  </ItemGroup>
  <ItemGroup>
    <ResourceCompile Include="Service.rc">
      <Filter>Resource Files</Filter>
    </ResourceCompile>
  </ItemGroup>
  <ItemGroup>
    <CustomBuild Include="EventLog.mc">
      <Filter>Source Files</Filter>
    </CustomBuild>
  </ItemGroup>
</Project>